// !$*UTF8*$!
{
	archiveVersion = 1;
	classes = {
	};
	objectVersion = 50;
	objects = {

/* Begin PBXBuildFile section */
		476780752401ED4D00D384F4 /* AppDelegate.swift in Sources */ = {isa = PBXBuildFile; fileRef = 476780742401ED4D00D384F4 /* AppDelegate.swift */; };
		476780772401ED4D00D384F4 /* SceneDelegate.swift in Sources */ = {isa = PBXBuildFile; fileRef = 476780762401ED4D00D384F4 /* SceneDelegate.swift */; };
		476780792401ED4D00D384F4 /* ViewController.swift in Sources */ = {isa = PBXBuildFile; fileRef = 476780782401ED4D00D384F4 /* ViewController.swift */; };
		4767807C2401ED4D00D384F4 /* Main.storyboard in Resources */ = {isa = PBXBuildFile; fileRef = 4767807A2401ED4D00D384F4 /* Main.storyboard */; };
		4767807E2401ED5600D384F4 /* Assets.xcassets in Resources */ = {isa = PBXBuildFile; fileRef = 4767807D2401ED5600D384F4 /* Assets.xcassets */; };
		476780812401ED5600D384F4 /* LaunchScreen.storyboard in Resources */ = {isa = PBXBuildFile; fileRef = 4767807F2401ED5600D384F4 /* LaunchScreen.storyboard */; };
		4767808C2401ED5700D384F4 /* ParstagramTests.swift in Sources */ = {isa = PBXBuildFile; fileRef = 4767808B2401ED5700D384F4 /* ParstagramTests.swift */; };
		476780972401ED5700D384F4 /* ParstagramUITests.swift in Sources */ = {isa = PBXBuildFile; fileRef = 476780962401ED5700D384F4 /* ParstagramUITests.swift */; };
/* End PBXBuildFile section */

/* Begin PBXContainerItemProxy section */
		476780882401ED5700D384F4 /* PBXContainerItemProxy */ = {
			isa = PBXContainerItemProxy;
			containerPortal = 476780692401ED4D00D384F4 /* Project object */;
			proxyType = 1;
			remoteGlobalIDString = 476780702401ED4D00D384F4;
			remoteInfo = Parstagram;
		};
		476780932401ED5700D384F4 /* PBXContainerItemProxy */ = {
			isa = PBXContainerItemProxy;
			containerPortal = 476780692401ED4D00D384F4 /* Project object */;
			proxyType = 1;
			remoteGlobalIDString = 476780702401ED4D00D384F4;
			remoteInfo = Parstagram;
		};
/* End PBXContainerItemProxy section */

/* Begin PBXFileReference section */
		476780712401ED4D00D384F4 /* Parstagram.app */ = {isa = PBXFileReference; explicitFileType = wrapper.application; includeInIndex = 0; path = Parstagram.app; sourceTree = BUILT_PRODUCTS_DIR; };
		476780742401ED4D00D384F4 /* AppDelegate.swift */ = {isa = PBXFileReference; lastKnownFileType = sourcecode.swift; path = AppDelegate.swift; sourceTree = "<group>"; };
		476780762401ED4D00D384F4 /* SceneDelegate.swift */ = {isa = PBXFileReference; lastKnownFileType = sourcecode.swift; path = SceneDelegate.swift; sourceTree = "<group>"; };
		476780782401ED4D00D384F4 /* ViewController.swift */ = {isa = PBXFileReference; lastKnownFileType = sourcecode.swift; path = ViewController.swift; sourceTree = "<group>"; };
		4767807B2401ED4D00D384F4 /* Base */ = {isa = PBXFileReference; lastKnownFileType = file.storyboard; name = Base; path = Base.lproj/Main.storyboard; sourceTree = "<group>"; };
		4767807D2401ED5600D384F4 /* Assets.xcassets */ = {isa = PBXFileReference; lastKnownFileType = folder.assetcatalog; path = Assets.xcassets; sourceTree = "<group>"; };
		476780802401ED5600D384F4 /* Base */ = {isa = PBXFileReference; lastKnownFileType = file.storyboard; name = Base; path = Base.lproj/LaunchScreen.storyboard; sourceTree = "<group>"; };
		476780822401ED5600D384F4 /* Info.plist */ = {isa = PBXFileReference; lastKnownFileType = text.plist.xml; path = Info.plist; sourceTree = "<group>"; };
		476780872401ED5700D384F4 /* ParstagramTests.xctest */ = {isa = PBXFileReference; explicitFileType = wrapper.cfbundle; includeInIndex = 0; path = ParstagramTests.xctest; sourceTree = BUILT_PRODUCTS_DIR; };
		4767808B2401ED5700D384F4 /* ParstagramTests.swift */ = {isa = PBXFileReference; lastKnownFileType = sourcecode.swift; path = ParstagramTests.swift; sourceTree = "<group>"; };
		4767808D2401ED5700D384F4 /* Info.plist */ = {isa = PBXFileReference; lastKnownFileType = text.plist.xml; path = Info.plist; sourceTree = "<group>"; };
		476780922401ED5700D384F4 /* ParstagramUITests.xctest */ = {isa = PBXFileReference; explicitFileType = wrapper.cfbundle; includeInIndex = 0; path = ParstagramUITests.xctest; sourceTree = BUILT_PRODUCTS_DIR; };
		476780962401ED5700D384F4 /* ParstagramUITests.swift */ = {isa = PBXFileReference; lastKnownFileType = sourcecode.swift; path = ParstagramUITests.swift; sourceTree = "<group>"; };
		476780982401ED5700D384F4 /* Info.plist */ = {isa = PBXFileReference; lastKnownFileType = text.plist.xml; path = Info.plist; sourceTree = "<group>"; };
/* End PBXFileReference section */

/* Begin PBXFrameworksBuildPhase section */
		4767806E2401ED4D00D384F4 /* Frameworks */ = {
			isa = PBXFrameworksBuildPhase;
			buildActionMask = 2147483647;
			files = (
			);
			runOnlyForDeploymentPostprocessing = 0;
		};
		476780842401ED5700D384F4 /* Frameworks */ = {
			isa = PBXFrameworksBuildPhase;
			buildActionMask = 2147483647;
			files = (
			);
			runOnlyForDeploymentPostprocessing = 0;
		};
		4767808F2401ED5700D384F4 /* Frameworks */ = {
			isa = PBXFrameworksBuildPhase;
			buildActionMask = 2147483647;
			files = (
			);
			runOnlyForDeploymentPostprocessing = 0;
		};
/* End PBXFrameworksBuildPhase section */

/* Begin PBXGroup section */
		476780682401ED4D00D384F4 = {
			isa = PBXGroup;
			children = (
				476780732401ED4D00D384F4 /* Parstagram */,
				4767808A2401ED5700D384F4 /* ParstagramTests */,
				476780952401ED5700D384F4 /* ParstagramUITests */,
				476780722401ED4D00D384F4 /* Products */,
			);
			sourceTree = "<group>";
		};
		476780722401ED4D00D384F4 /* Products */ = {
			isa = PBXGroup;
			children = (
				476780712401ED4D00D384F4 /* Parstagram.app */,
				476780872401ED5700D384F4 /* ParstagramTests.xctest */,
				476780922401ED5700D384F4 /* ParstagramUITests.xctest */,
			);
			name = Products;
			sourceTree = "<group>";
		};
		476780732401ED4D00D384F4 /* Parstagram */ = {
			isa = PBXGroup;
			children = (
				476780742401ED4D00D384F4 /* AppDelegate.swift */,
				476780762401ED4D00D384F4 /* SceneDelegate.swift */,
				476780782401ED4D00D384F4 /* ViewController.swift */,
				4767807A2401ED4D00D384F4 /* Main.storyboard */,
				4767807D2401ED5600D384F4 /* Assets.xcassets */,
				4767807F2401ED5600D384F4 /* LaunchScreen.storyboard */,
				476780822401ED5600D384F4 /* Info.plist */,
			);
			path = Parstagram;
			sourceTree = "<group>";
		};
		4767808A2401ED5700D384F4 /* ParstagramTests */ = {
			isa = PBXGroup;
			children = (
				4767808B2401ED5700D384F4 /* ParstagramTests.swift */,
				4767808D2401ED5700D384F4 /* Info.plist */,
			);
			path = ParstagramTests;
			sourceTree = "<group>";
		};
		476780952401ED5700D384F4 /* ParstagramUITests */ = {
			isa = PBXGroup;
			children = (
				476780962401ED5700D384F4 /* ParstagramUITests.swift */,
				476780982401ED5700D384F4 /* Info.plist */,
			);
			path = ParstagramUITests;
			sourceTree = "<group>";
		};
/* End PBXGroup section */

/* Begin PBXNativeTarget section */
		476780702401ED4D00D384F4 /* Parstagram */ = {
			isa = PBXNativeTarget;
			buildConfigurationList = 4767809B2401ED5700D384F4 /* Build configuration list for PBXNativeTarget "Parstagram" */;
			buildPhases = (
				4767806D2401ED4D00D384F4 /* Sources */,
				4767806E2401ED4D00D384F4 /* Frameworks */,
				4767806F2401ED4D00D384F4 /* Resources */,
			);
			buildRules = (
			);
			dependencies = (
			);
			name = Parstagram;
			productName = Parstagram;
			productReference = 476780712401ED4D00D384F4 /* Parstagram.app */;
			productType = "com.apple.product-type.application";
		};
		476780862401ED5700D384F4 /* ParstagramTests */ = {
			isa = PBXNativeTarget;
			buildConfigurationList = 4767809E2401ED5700D384F4 /* Build configuration list for PBXNativeTarget "ParstagramTests" */;
			buildPhases = (
				476780832401ED5700D384F4 /* Sources */,
				476780842401ED5700D384F4 /* Frameworks */,
				476780852401ED5700D384F4 /* Resources */,
			);
			buildRules = (
			);
			dependencies = (
				476780892401ED5700D384F4 /* PBXTargetDependency */,
			);
			name = ParstagramTests;
			productName = ParstagramTests;
			productReference = 476780872401ED5700D384F4 /* ParstagramTests.xctest */;
			productType = "com.apple.product-type.bundle.unit-test";
		};
		476780912401ED5700D384F4 /* ParstagramUITests */ = {
			isa = PBXNativeTarget;
			buildConfigurationList = 476780A12401ED5700D384F4 /* Build configuration list for PBXNativeTarget "ParstagramUITests" */;
			buildPhases = (
				4767808E2401ED5700D384F4 /* Sources */,
				4767808F2401ED5700D384F4 /* Frameworks */,
				476780902401ED5700D384F4 /* Resources */,
			);
			buildRules = (
			);
			dependencies = (
				476780942401ED5700D384F4 /* PBXTargetDependency */,
			);
			name = ParstagramUITests;
			productName = ParstagramUITests;
			productReference = 476780922401ED5700D384F4 /* ParstagramUITests.xctest */;
			productType = "com.apple.product-type.bundle.ui-testing";
		};
/* End PBXNativeTarget section */

/* Begin PBXProject section */
		476780692401ED4D00D384F4 /* Project object */ = {
			isa = PBXProject;
			attributes = {
				LastSwiftUpdateCheck = 1130;
				LastUpgradeCheck = 1130;
				ORGANIZATIONNAME = "yuw545@ucsd.edu";
				TargetAttributes = {
					476780702401ED4D00D384F4 = {
						CreatedOnToolsVersion = 11.3;
					};
					476780862401ED5700D384F4 = {
						CreatedOnToolsVersion = 11.3;
						TestTargetID = 476780702401ED4D00D384F4;
					};
					476780912401ED5700D384F4 = {
						CreatedOnToolsVersion = 11.3;
						TestTargetID = 476780702401ED4D00D384F4;
					};
				};
			};
			buildConfigurationList = 4767806C2401ED4D00D384F4 /* Build configuration list for PBXProject "Parstagram" */;
			compatibilityVersion = "Xcode 9.3";
			developmentRegion = en;
			hasScannedForEncodings = 0;
			knownRegions = (
				en,
				Base,
			);
			mainGroup = 476780682401ED4D00D384F4;
			productRefGroup = 476780722401ED4D00D384F4 /* Products */;
			projectDirPath = "";
			projectRoot = "";
			targets = (
				476780702401ED4D00D384F4 /* Parstagram */,
				476780862401ED5700D384F4 /* ParstagramTests */,
				476780912401ED5700D384F4 /* ParstagramUITests */,
			);
		};
/* End PBXProject section */

/* Begin PBXResourcesBuildPhase section */
		4767806F2401ED4D00D384F4 /* Resources */ = {
			isa = PBXResourcesBuildPhase;
			buildActionMask = 2147483647;
			files = (
				476780812401ED5600D384F4 /* LaunchScreen.storyboard in Resources */,
				4767807E2401ED5600D384F4 /* Assets.xcassets in Resources */,
				4767807C2401ED4D00D384F4 /* Main.storyboard in Resources */,
			);
			runOnlyForDeploymentPostprocessing = 0;
		};
		476780852401ED5700D384F4 /* Resources */ = {
			isa = PBXResourcesBuildPhase;
			buildActionMask = 2147483647;
			files = (
			);
			runOnlyForDeploymentPostprocessing = 0;
		};
		476780902401ED5700D384F4 /* Resources */ = {
			isa = PBXResourcesBuildPhase;
			buildActionMask = 2147483647;
			files = (
			);
			runOnlyForDeploymentPostprocessing = 0;
		};
/* End PBXResourcesBuildPhase section */

/* Begin PBXSourcesBuildPhase section */
		4767806D2401ED4D00D384F4 /* Sources */ = {
			isa = PBXSourcesBuildPhase;
			buildActionMask = 2147483647;
			files = (
				476780792401ED4D00D384F4 /* ViewController.swift in Sources */,
				476780752401ED4D00D384F4 /* AppDelegate.swift in Sources */,
				476780772401ED4D00D384F4 /* SceneDelegate.swift in Sources */,
			);
			runOnlyForDeploymentPostprocessing = 0;
		};
		476780832401ED5700D384F4 /* Sources */ = {
			isa = PBXSourcesBuildPhase;
			buildActionMask = 2147483647;
			files = (
				4767808C2401ED5700D384F4 /* ParstagramTests.swift in Sources */,
			);
			runOnlyForDeploymentPostprocessing = 0;
		};
		4767808E2401ED5700D384F4 /* Sources */ = {
			isa = PBXSourcesBuildPhase;
			buildActionMask = 2147483647;
			files = (
				476780972401ED5700D384F4 /* ParstagramUITests.swift in Sources */,
			);
			runOnlyForDeploymentPostprocessing = 0;
		};
/* End PBXSourcesBuildPhase section */

/* Begin PBXTargetDependency section */
		476780892401ED5700D384F4 /* PBXTargetDependency */ = {
			isa = PBXTargetDependency;
			target = 476780702401ED4D00D384F4 /* Parstagram */;
			targetProxy = 476780882401ED5700D384F4 /* PBXContainerItemProxy */;
		};
		476780942401ED5700D384F4 /* PBXTargetDependency */ = {
			isa = PBXTargetDependency;
			target = 476780702401ED4D00D384F4 /* Parstagram */;
			targetProxy = 476780932401ED5700D384F4 /* PBXContainerItemProxy */;
		};
/* End PBXTargetDependency section */

/* Begin PBXVariantGroup section */
		4767807A2401ED4D00D384F4 /* Main.storyboard */ = {
			isa = PBXVariantGroup;
			children = (
				4767807B2401ED4D00D384F4 /* Base */,
			);
			name = Main.storyboard;
			sourceTree = "<group>";
		};
		4767807F2401ED5600D384F4 /* LaunchScreen.storyboard */ = {
			isa = PBXVariantGroup;
			children = (
				476780802401ED5600D384F4 /* Base */,
			);
			name = LaunchScreen.storyboard;
			sourceTree = "<group>";
		};
/* End PBXVariantGroup section */

/* Begin XCBuildConfiguration section */
		476780992401ED5700D384F4 /* Debug */ = {
			isa = XCBuildConfiguration;
			buildSettings = {
				ALWAYS_SEARCH_USER_PATHS = NO;
				CLANG_ANALYZER_NONNULL = YES;
				CLANG_ANALYZER_NUMBER_OBJECT_CONVERSION = YES_AGGRESSIVE;
				CLANG_CXX_LANGUAGE_STANDARD = "gnu++14";
				CLANG_CXX_LIBRARY = "libc++";
				CLANG_ENABLE_MODULES = YES;
				CLANG_ENABLE_OBJC_ARC = YES;
				CLANG_ENABLE_OBJC_WEAK = YES;
				CLANG_WARN_BLOCK_CAPTURE_AUTORELEASING = YES;
				CLANG_WARN_BOOL_CONVERSION = YES;
				CLANG_WARN_COMMA = YES;
				CLANG_WARN_CONSTANT_CONVERSION = YES;
				CLANG_WARN_DEPRECATED_OBJC_IMPLEMENTATIONS = YES;
				CLANG_WARN_DIRECT_OBJC_ISA_USAGE = YES_ERROR;
				CLANG_WARN_DOCUMENTATION_COMMENTS = YES;
				CLANG_WARN_EMPTY_BODY = YES;
				CLANG_WARN_ENUM_CONVERSION = YES;
				CLANG_WARN_INFINITE_RECURSION = YES;
				CLANG_WARN_INT_CONVERSION = YES;
				CLANG_WARN_NON_LITERAL_NULL_CONVERSION = YES;
				CLANG_WARN_OBJC_IMPLICIT_RETAIN_SELF = YES;
				CLANG_WARN_OBJC_LITERAL_CONVERSION = YES;
				CLANG_WARN_OBJC_ROOT_CLASS = YES_ERROR;
				CLANG_WARN_RANGE_LOOP_ANALYSIS = YES;
				CLANG_WARN_STRICT_PROTOTYPES = YES;
				CLANG_WARN_SUSPICIOUS_MOVE = YES;
				CLANG_WARN_UNGUARDED_AVAILABILITY = YES_AGGRESSIVE;
				CLANG_WARN_UNREACHABLE_CODE = YES;
				CLANG_WARN__DUPLICATE_METHOD_MATCH = YES;
				COPY_PHASE_STRIP = NO;
				DEBUG_INFORMATION_FORMAT = dwarf;
				ENABLE_STRICT_OBJC_MSGSEND = YES;
				ENABLE_TESTABILITY = YES;
				GCC_C_LANGUAGE_STANDARD = gnu11;
				GCC_DYNAMIC_NO_PIC = NO;
				GCC_NO_COMMON_BLOCKS = YES;
				GCC_OPTIMIZATION_LEVEL = 0;
				GCC_PREPROCESSOR_DEFINITIONS = (
					"DEBUG=1",
					"$(inherited)",
				);
				GCC_WARN_64_TO_32_BIT_CONVERSION = YES;
				GCC_WARN_ABOUT_RETURN_TYPE = YES_ERROR;
				GCC_WARN_UNDECLARED_SELECTOR = YES;
				GCC_WARN_UNINITIALIZED_AUTOS = YES_AGGRESSIVE;
				GCC_WARN_UNUSED_FUNCTION = YES;
				GCC_WARN_UNUSED_VARIABLE = YES;
				IPHONEOS_DEPLOYMENT_TARGET = 13.2;
				MTL_ENABLE_DEBUG_INFO = INCLUDE_SOURCE;
				MTL_FAST_MATH = YES;
				ONLY_ACTIVE_ARCH = YES;
				SDKROOT = iphoneos;
				SWIFT_ACTIVE_COMPILATION_CONDITIONS = DEBUG;
				SWIFT_OPTIMIZATION_LEVEL = "-Onone";
			};
			name = Debug;
		};
		4767809A2401ED5700D384F4 /* Release */ = {
			isa = XCBuildConfiguration;
			buildSettings = {
				ALWAYS_SEARCH_USER_PATHS = NO;
				CLANG_ANALYZER_NONNULL = YES;
				CLANG_ANALYZER_NUMBER_OBJECT_CONVERSION = YES_AGGRESSIVE;
				CLANG_CXX_LANGUAGE_STANDARD = "gnu++14";
				CLANG_CXX_LIBRARY = "libc++";
				CLANG_ENABLE_MODULES = YES;
				CLANG_ENABLE_OBJC_ARC = YES;
				CLANG_ENABLE_OBJC_WEAK = YES;
				CLANG_WARN_BLOCK_CAPTURE_AUTORELEASING = YES;
				CLANG_WARN_BOOL_CONVERSION = YES;
				CLANG_WARN_COMMA = YES;
				CLANG_WARN_CONSTANT_CONVERSION = YES;
				CLANG_WARN_DEPRECATED_OBJC_IMPLEMENTATIONS = YES;
				CLANG_WARN_DIRECT_OBJC_ISA_USAGE = YES_ERROR;
				CLANG_WARN_DOCUMENTATION_COMMENTS = YES;
				CLANG_WARN_EMPTY_BODY = YES;
				CLANG_WARN_ENUM_CONVERSION = YES;
				CLANG_WARN_INFINITE_RECURSION = YES;
				CLANG_WARN_INT_CONVERSION = YES;
				CLANG_WARN_NON_LITERAL_NULL_CONVERSION = YES;
				CLANG_WARN_OBJC_IMPLICIT_RETAIN_SELF = YES;
				CLANG_WARN_OBJC_LITERAL_CONVERSION = YES;
				CLANG_WARN_OBJC_ROOT_CLASS = YES_ERROR;
				CLANG_WARN_RANGE_LOOP_ANALYSIS = YES;
				CLANG_WARN_STRICT_PROTOTYPES = YES;
				CLANG_WARN_SUSPICIOUS_MOVE = YES;
				CLANG_WARN_UNGUARDED_AVAILABILITY = YES_AGGRESSIVE;
				CLANG_WARN_UNREACHABLE_CODE = YES;
				CLANG_WARN__DUPLICATE_METHOD_MATCH = YES;
				COPY_PHASE_STRIP = NO;
				DEBUG_INFORMATION_FORMAT = "dwarf-with-dsym";
				ENABLE_NS_ASSERTIONS = NO;
				ENABLE_STRICT_OBJC_MSGSEND = YES;
				GCC_C_LANGUAGE_STANDARD = gnu11;
				GCC_NO_COMMON_BLOCKS = YES;
				GCC_WARN_64_TO_32_BIT_CONVERSION = YES;
				GCC_WARN_ABOUT_RETURN_TYPE = YES_ERROR;
				GCC_WARN_UNDECLARED_SELECTOR = YES;
				GCC_WARN_UNINITIALIZED_AUTOS = YES_AGGRESSIVE;
				GCC_WARN_UNUSED_FUNCTION = YES;
				GCC_WARN_UNUSED_VARIABLE = YES;
				IPHONEOS_DEPLOYMENT_TARGET = 13.2;
				MTL_ENABLE_DEBUG_INFO = NO;
				MTL_FAST_MATH = YES;
				SDKROOT = iphoneos;
				SWIFT_COMPILATION_MODE = wholemodule;
				SWIFT_OPTIMIZATION_LEVEL = "-O";
				VALIDATE_PRODUCT = YES;
			};
			name = Release;
		};
		4767809C2401ED5700D384F4 /* Debug */ = {
			isa = XCBuildConfiguration;
			buildSettings = {
				ASSETCATALOG_COMPILER_APPICON_NAME = AppIcon;
				CODE_SIGN_STYLE = Automatic;
				INFOPLIST_FILE = Parstagram/Info.plist;
				LD_RUNPATH_SEARCH_PATHS = (
					"$(inherited)",
					"@executable_path/Frameworks",
				);
				PRODUCT_BUNDLE_IDENTIFIER = "com.Yu-Sen-Wang.Parstagram";
				PRODUCT_NAME = "$(TARGET_NAME)";
				SWIFT_VERSION = 5.0;
				TARGETED_DEVICE_FAMILY = "1,2";
			};
			name = Debug;
		};
		4767809D2401ED5700D384F4 /* Release */ = {
			isa = XCBuildConfiguration;
			buildSettings = {
				ASSETCATALOG_COMPILER_APPICON_NAME = AppIcon;
				CODE_SIGN_STYLE = Automatic;
				INFOPLIST_FILE = Parstagram/Info.plist;
				LD_RUNPATH_SEARCH_PATHS = (
					"$(inherited)",
					"@executable_path/Frameworks",
				);
				PRODUCT_BUNDLE_IDENTIFIER = "com.Yu-Sen-Wang.Parstagram";
				PRODUCT_NAME = "$(TARGET_NAME)";
				SWIFT_VERSION = 5.0;
				TARGETED_DEVICE_FAMILY = "1,2";
			};
			name = Release;
		};
		4767809F2401ED5700D384F4 /* Debug */ = {
			isa = XCBuildConfiguration;
			buildSettings = {
				ALWAYS_EMBED_SWIFT_STANDARD_LIBRARIES = YES;
				BUNDLE_LOADER = "$(TEST_HOST)";
				CODE_SIGN_STYLE = Automatic;
				INFOPLIST_FILE = ParstagramTests/Info.plist;
				IPHONEOS_DEPLOYMENT_TARGET = 13.2;
				LD_RUNPATH_SEARCH_PATHS = (
					"$(inherited)",
					"@executable_path/Frameworks",
					"@loader_path/Frameworks",
				);
				PRODUCT_BUNDLE_IDENTIFIER = "com.Yu-Sen-Wang.ParstagramTests";
				PRODUCT_NAME = "$(TARGET_NAME)";
				SWIFT_VERSION = 5.0;
				TARGETED_DEVICE_FAMILY = "1,2";
				TEST_HOST = "$(BUILT_PRODUCTS_DIR)/Parstagram.app/Parstagram";
			};
			name = Debug;
		};
		476780A02401ED5700D384F4 /* Release */ = {
			isa = XCBuildConfiguration;
			buildSettings = {
				ALWAYS_EMBED_SWIFT_STANDARD_LIBRARIES = YES;
				BUNDLE_LOADER = "$(TEST_HOST)";
				CODE_SIGN_STYLE = Automatic;
				INFOPLIST_FILE = ParstagramTests/Info.plist;
				IPHONEOS_DEPLOYMENT_TARGET = 13.2;
				LD_RUNPATH_SEARCH_PATHS = (
					"$(inherited)",
					"@executable_path/Frameworks",
					"@loader_path/Frameworks",
				);
				PRODUCT_BUNDLE_IDENTIFIER = "com.Yu-Sen-Wang.ParstagramTests";
				PRODUCT_NAME = "$(TARGET_NAME)";
				SWIFT_VERSION = 5.0;
				TARGETED_DEVICE_FAMILY = "1,2";
				TEST_HOST = "$(BUILT_PRODUCTS_DIR)/Parstagram.app/Parstagram";
			};
			name = Release;
		};
		476780A22401ED5700D384F4 /* Debug */ = {
			isa = XCBuildConfiguration;
			buildSettings = {
				ALWAYS_EMBED_SWIFT_STANDARD_LIBRARIES = YES;
				CODE_SIGN_STYLE = Automatic;
				INFOPLIST_FILE = ParstagramUITests/Info.plist;
				LD_RUNPATH_SEARCH_PATHS = (
					"$(inherited)",
					"@executable_path/Frameworks",
					"@loader_path/Frameworks",
				);
				PRODUCT_BUNDLE_IDENTIFIER = "com.Yu-Sen-Wang.ParstagramUITests";
				PRODUCT_NAME = "$(TARGET_NAME)";
				SWIFT_VERSION = 5.0;
				TARGETED_DEVICE_FAMILY = "1,2";
				TEST_TARGET_NAME = Parstagram;
			};
			name = Debug;
		};
		476780A32401ED5700D384F4 /* Release */ = {
			isa = XCBuildConfiguration;
			buildSettings = {
				ALWAYS_EMBED_SWIFT_STANDARD_LIBRARIES = YES;
				CODE_SIGN_STYLE = Automatic;
				INFOPLIST_FILE = ParstagramUITests/Info.plist;
				LD_RUNPATH_SEARCH_PATHS = (
					"$(inherited)",
					"@executable_path/Frameworks",
					"@loader_path/Frameworks",
				);
				PRODUCT_BUNDLE_IDENTIFIER = "com.Yu-Sen-Wang.ParstagramUITests";
				PRODUCT_NAME = "$(TARGET_NAME)";
				SWIFT_VERSION = 5.0;
				TARGETED_DEVICE_FAMILY = "1,2";
				TEST_TARGET_NAME = Parstagram;
			};
			name = Release;
		};
/* End XCBuildConfiguration section */

/* Begin XCConfigurationList section */
		4767806C2401ED4D00D384F4 /* Build configuration list for PBXProject "Parstagram" */ = {
			isa = XCConfigurationList;
			buildConfigurations = (
				476780992401ED5700D384F4 /* Debug */,
				4767809A2401ED5700D384F4 /* Release */,
			);
			defaultConfigurationIsVisible = 0;
			defaultConfigurationName = Release;
		};
		4767809B2401ED5700D384F4 /* Build configuration list for PBXNativeTarget "Parstagram" */ = {
			isa = XCConfigurationList;
			buildConfigurations = (
				4767809C2401ED5700D384F4 /* Debug */,
				4767809D2401ED5700D384F4 /* Release */,
			);
			defaultConfigurationIsVisible = 0;
			defaultConfigurationName = Release;
		};
		4767809E2401ED5700D384F4 /* Build configuration list for PBXNativeTarget "ParstagramTests" */ = {
			isa = XCConfigurationList;
			buildConfigurations = (
				4767809F2401ED5700D384F4 /* Debug */,
				476780A02401ED5700D384F4 /* Release */,
			);
			defaultConfigurationIsVisible = 0;
			defaultConfigurationName = Release;
		};
		476780A12401ED5700D384F4 /* Build configuration list for PBXNativeTarget "ParstagramUITests" */ = {
			isa = XCConfigurationList;
			buildConfigurations = (
				476780A22401ED5700D384F4 /* Debug */,
				476780A32401ED5700D384F4 /* Release */,
			);
			defaultConfigurationIsVisible = 0;
			defaultConfigurationName = Release;
		};
/* End XCConfigurationList section */
	};
	rootObject = 476780692401ED4D00D384F4 /* Project object */;
}
